
Microsoft Visual Studio Solution File, Format Version 12.00
# Visual Studio Version 17
VisualStudioVersion = 17.2.32519.379
MinimumVisualStudioVersion = 10.0.40219.1
Project("{9A19103F-16F7-4668-BE54-9A1E7A4F7556}") = "DemoClasses", "DemoClasses\DemoClasses.csproj", "{BB9D73D5-D09D-4165-90F1-E7AB66BCDCF7}"
EndProject
Project("{2150E333-8FDC-42A3-9474-1A3956D46DE8}") = "Solution Items", "Solution Items", "{B7706046-86A6-4618-9F29-535E4FF398CF}"
	ProjectSection(SolutionItems) = preProject
		.editorconfig = .editorconfig
		.gitattributes = .gitattributes
		.gitignore = .gitignore
		README.md = README.md
	EndProjectSection
EndProject
Global
	GlobalSection(SolutionConfigurationPlatforms) = preSolution
		Debug|Any CPU = Debug|Any CPU
		Release|Any CPU = Release|Any CPU
	EndGlobalSection
	GlobalSection(ProjectConfigurationPlatforms) = postSolution
		{BB9D73D5-D09D-4165-90F1-E7AB66BCDCF7}.Debug|Any CPU.ActiveCfg = Debug|Any CPU
		{BB9D73D5-D09D-4165-90F1-E7AB66BCDCF7}.Debug|Any CPU.Build.0 = Debug|Any CPU
		{BB9D73D5-D09D-4165-90F1-E7AB66BCDCF7}.Release|Any CPU.ActiveCfg = Release|Any CPU
		{BB9D73D5-D09D-4165-90F1-E7AB66BCDCF7}.Release|Any CPU.Build.0 = Release|Any CPU
	EndGlobalSection
	GlobalSection(SolutionProperties) = preSolution
		HideSolutionNode = FALSE
	EndGlobalSection
	GlobalSection(ExtensibilityGlobals) = postSolution
		SolutionGuid = {6F373B45-6CE9-461A-AAE8-3BF44A4F5F42}
	EndGlobalSection
EndGlobal
